
Microsoft Visual Studio Solution File, Format Version 12.00
# Visual Studio Version 17
VisualStudioVersion = 17.8.34330.188
MinimumVisualStudioVersion = 10.0.40219.1
Project("{FAE04EC0-301F-11D3-BF4B-00C04F79EFBC}") = "hesapmakinesi", "hesapmakinesi\hesapmakinesi.csproj", "{B7821ECB-181D-4DE1-AB76-24E0637F2FD5}"
EndProject
Global
	GlobalSection(SolutionConfigurationPlatforms) = preSolution
		Debug|Any CPU = Debug|Any CPU
		Release|Any CPU = Release|Any CPU
	EndGlobalSection
	GlobalSection(ProjectConfigurationPlatforms) = postSolution
		{B7821ECB-181D-4DE1-AB76-24E0637F2FD5}.Debug|Any CPU.ActiveCfg = Debug|Any CPU
		{B7821ECB-181D-4DE1-AB76-24E0637F2FD5}.Debug|Any CPU.Build.0 = Debug|Any CPU
		{B7821ECB-181D-4DE1-AB76-24E0637F2FD5}.Release|Any CPU.ActiveCfg = Release|Any CPU
		{B7821ECB-181D-4DE1-AB76-24E0637F2FD5}.Release|Any CPU.Build.0 = Release|Any CPU
	EndGlobalSection
	GlobalSection(SolutionProperties) = preSolution
		HideSolutionNode = FALSE
	EndGlobalSection
	GlobalSection(ExtensibilityGlobals) = postSolution
		SolutionGuid = {5B1A03B1-0CE2-4CF6-AFC4-F44BA4B8FE52}
	EndGlobalSection
EndGlobal
